
Microsoft Visual Studio Solution File, Format Version 12.00
# Visual Studio Version 16
VisualStudioVersion = 16.0.29728.190
MinimumVisualStudioVersion = 10.0.40219.1
Project("{FAE04EC0-301F-11D3-BF4B-00C04F79EFBC}") = "sandbox", "sandbox\sandbox.csproj", "{9DB8D526-5C4F-4F42-BA77-14562BA02F02}"
EndProject
Global
	GlobalSection(SolutionConfigurationPlatforms) = preSolution
		Debug|Any CPU = Debug|Any CPU
		Release|Any CPU = Release|Any CPU
	EndGlobalSection
	GlobalSection(ProjectConfigurationPlatforms) = postSolution
		{9DB8D526-5C4F-4F42-BA77-14562BA02F02}.Debug|Any CPU.ActiveCfg = Debug|Any CPU
		{9DB8D526-5C4F-4F42-BA77-14562BA02F02}.Debug|Any CPU.Build.0 = Debug|Any CPU
		{9DB8D526-5C4F-4F42-BA77-14562BA02F02}.Release|Any CPU.ActiveCfg = Release|Any CPU
		{9DB8D526-5C4F-4F42-BA77-14562BA02F02}.Release|Any CPU.Build.0 = Release|Any CPU
	EndGlobalSection
	GlobalSection(SolutionProperties) = preSolution
		HideSolutionNode = FALSE
	EndGlobalSection
	GlobalSection(ExtensibilityGlobals) = postSolution
		SolutionGuid = {80D9460E-F0C0-489B-9876-0A4140189915}
	EndGlobalSection
EndGlobal
